
Microsoft Visual Studio Solution File, Format Version 12.00
# Visual Studio Version 16
VisualStudioVersion = 16.0.35425.106
MinimumVisualStudioVersion = 10.0.40219.1
Project("{FAE04EC0-301F-11D3-BF4B-00C04F79EFBC}") = "DefectViewProgram", "DefectViewProgram.csproj", "{794B4692-84AF-4231-AC8D-FDD02264C35C}"
EndProject
Global
	GlobalSection(SolutionConfigurationPlatforms) = preSolution
		Debug|Any CPU = Debug|Any CPU
		Release|Any CPU = Release|Any CPU
	EndGlobalSection
	GlobalSection(ProjectConfigurationPlatforms) = postSolution
		{794B4692-84AF-4231-AC8D-FDD02264C35C}.Debug|Any CPU.ActiveCfg = Debug|Any CPU
		{794B4692-84AF-4231-AC8D-FDD02264C35C}.Debug|Any CPU.Build.0 = Debug|Any CPU
		{794B4692-84AF-4231-AC8D-FDD02264C35C}.Release|Any CPU.ActiveCfg = Release|Any CPU
		{794B4692-84AF-4231-AC8D-FDD02264C35C}.Release|Any CPU.Build.0 = Release|Any CPU
	EndGlobalSection
	GlobalSection(SolutionProperties) = preSolution
		HideSolutionNode = FALSE
	EndGlobalSection
	GlobalSection(ExtensibilityGlobals) = postSolution
		SolutionGuid = {F798D576-0910-496D-BC49-29FEC9479DA5}
	EndGlobalSection
EndGlobal
